
Microsoft Visual Studio Solution File, Format Version 12.00
# Visual Studio 2017
Project("{FAE04EC0-301F-11D3-BF4B-00C04F79EFBC}") = "Splendor_Clone_Text", "Splendor_Clone_Text.csproj", "{5CA52900-0FC5-1397-1C83-11A0291E9A37}"
EndProject
Global
	GlobalSection(SolutionConfigurationPlatforms) = preSolution
		Debug|Any CPU = Debug|Any CPU
		Release|Any CPU = Release|Any CPU
	EndGlobalSection
	GlobalSection(ProjectConfigurationPlatforms) = postSolution
		{5CA52900-0FC5-1397-1C83-11A0291E9A37}.Debug|Any CPU.ActiveCfg = Debug|Any CPU
		{5CA52900-0FC5-1397-1C83-11A0291E9A37}.Debug|Any CPU.Build.0 = Debug|Any CPU
		{5CA52900-0FC5-1397-1C83-11A0291E9A37}.Release|Any CPU.ActiveCfg = Release|Any CPU
		{5CA52900-0FC5-1397-1C83-11A0291E9A37}.Release|Any CPU.Build.0 = Release|Any CPU
	EndGlobalSection
	GlobalSection(SolutionProperties) = preSolution
		HideSolutionNode = FALSE
	EndGlobalSection
EndGlobal
